
Microsoft Visual Studio Solution File, Format Version 12.00
# Visual Studio Version 17
VisualStudioVersion = 17.10.34916.146
MinimumVisualStudioVersion = 10.0.40219.1
Project("{9A19103F-16F7-4668-BE54-9A1E7A4F7556}") = "DinhQuangTung_ProjectPRN231", "DinhQuangTung_ProjectPRN231\DinhQuangTung_ProjectPRN231.csproj", "{149E2E14-45A1-44E4-8BD5-9B5D4BB5CA20}"
EndProject
Project("{9A19103F-16F7-4668-BE54-9A1E7A4F7556}") = "DinhQuangTung_ProjectPRN231_MVC", "DinhQuangTung_ProjectPRN231_MVC\DinhQuangTung_ProjectPRN231_MVC.csproj", "{28D7F428-0F33-40F6-9FD9-A67BB9694362}"
EndProject
Project("{2150E333-8FDC-42A3-9474-1A3956D46DE8}") = "Solution Items", "Solution Items", "{9F77EB26-87CA-4638-B368-BAB1A824BACA}"
	ProjectSection(SolutionItems) = preProject
		README.txt = README.txt
	EndProjectSection
EndProject
Project("{9A19103F-16F7-4668-BE54-9A1E7A4F7556}") = "Data", "Data\Data.csproj", "{C71E663A-0AC9-4A31-BCFC-F086B3E9AF38}"
EndProject
Project("{9A19103F-16F7-4668-BE54-9A1E7A4F7556}") = "Service", "Service\Service.csproj", "{057E7D91-FDCA-456B-B6C2-F9BA59866EBD}"
EndProject
Project("{9A19103F-16F7-4668-BE54-9A1E7A4F7556}") = "Utilities", "Utilities\Utilities.csproj", "{FF973F2F-7BB3-45BF-88A2-DF49C6120331}"
EndProject
Project("{9A19103F-16F7-4668-BE54-9A1E7A4F7556}") = "ViewModels", "ViewModels\ViewModels.csproj", "{80F6AA2B-6EB0-48C6-8819-5B43FB0B0777}"
EndProject
Project("{FAE04EC0-301F-11D3-BF4B-00C04F79EFBC}") = "ApiIntegration", "ApiIntegration\ApiIntegration.csproj", "{6BF157D5-6190-49FA-B80F-CF1D4813DF39}"
EndProject
Global
	GlobalSection(SolutionConfigurationPlatforms) = preSolution
		Debug|Any CPU = Debug|Any CPU
		Release|Any CPU = Release|Any CPU
	EndGlobalSection
	GlobalSection(ProjectConfigurationPlatforms) = postSolution
		{149E2E14-45A1-44E4-8BD5-9B5D4BB5CA20}.Debug|Any CPU.ActiveCfg = Debug|Any CPU
		{149E2E14-45A1-44E4-8BD5-9B5D4BB5CA20}.Debug|Any CPU.Build.0 = Debug|Any CPU
		{149E2E14-45A1-44E4-8BD5-9B5D4BB5CA20}.Release|Any CPU.ActiveCfg = Release|Any CPU
		{149E2E14-45A1-44E4-8BD5-9B5D4BB5CA20}.Release|Any CPU.Build.0 = Release|Any CPU
		{28D7F428-0F33-40F6-9FD9-A67BB9694362}.Debug|Any CPU.ActiveCfg = Debug|Any CPU
		{28D7F428-0F33-40F6-9FD9-A67BB9694362}.Debug|Any CPU.Build.0 = Debug|Any CPU
		{28D7F428-0F33-40F6-9FD9-A67BB9694362}.Release|Any CPU.ActiveCfg = Release|Any CPU
		{28D7F428-0F33-40F6-9FD9-A67BB9694362}.Release|Any CPU.Build.0 = Release|Any CPU
		{C71E663A-0AC9-4A31-BCFC-F086B3E9AF38}.Debug|Any CPU.ActiveCfg = Debug|Any CPU
		{C71E663A-0AC9-4A31-BCFC-F086B3E9AF38}.Debug|Any CPU.Build.0 = Debug|Any CPU
		{C71E663A-0AC9-4A31-BCFC-F086B3E9AF38}.Release|Any CPU.ActiveCfg = Release|Any CPU
		{C71E663A-0AC9-4A31-BCFC-F086B3E9AF38}.Release|Any CPU.Build.0 = Release|Any CPU
		{057E7D91-FDCA-456B-B6C2-F9BA59866EBD}.Debug|Any CPU.ActiveCfg = Debug|Any CPU
		{057E7D91-FDCA-456B-B6C2-F9BA59866EBD}.Debug|Any CPU.Build.0 = Debug|Any CPU
		{057E7D91-FDCA-456B-B6C2-F9BA59866EBD}.Release|Any CPU.ActiveCfg = Release|Any CPU
		{057E7D91-FDCA-456B-B6C2-F9BA59866EBD}.Release|Any CPU.Build.0 = Release|Any CPU
		{FF973F2F-7BB3-45BF-88A2-DF49C6120331}.Debug|Any CPU.ActiveCfg = Debug|Any CPU
		{FF973F2F-7BB3-45BF-88A2-DF49C6120331}.Debug|Any CPU.Build.0 = Debug|Any CPU
		{FF973F2F-7BB3-45BF-88A2-DF49C6120331}.Release|Any CPU.ActiveCfg = Release|Any CPU
		{FF973F2F-7BB3-45BF-88A2-DF49C6120331}.Release|Any CPU.Build.0 = Release|Any CPU
		{80F6AA2B-6EB0-48C6-8819-5B43FB0B0777}.Debug|Any CPU.ActiveCfg = Debug|Any CPU
		{80F6AA2B-6EB0-48C6-8819-5B43FB0B0777}.Debug|Any CPU.Build.0 = Debug|Any CPU
		{80F6AA2B-6EB0-48C6-8819-5B43FB0B0777}.Release|Any CPU.ActiveCfg = Release|Any CPU
		{80F6AA2B-6EB0-48C6-8819-5B43FB0B0777}.Release|Any CPU.Build.0 = Release|Any CPU
		{6BF157D5-6190-49FA-B80F-CF1D4813DF39}.Debug|Any CPU.ActiveCfg = Debug|Any CPU
		{6BF157D5-6190-49FA-B80F-CF1D4813DF39}.Debug|Any CPU.Build.0 = Debug|Any CPU
		{6BF157D5-6190-49FA-B80F-CF1D4813DF39}.Release|Any CPU.ActiveCfg = Release|Any CPU
		{6BF157D5-6190-49FA-B80F-CF1D4813DF39}.Release|Any CPU.Build.0 = Release|Any CPU
	EndGlobalSection
	GlobalSection(SolutionProperties) = preSolution
		HideSolutionNode = FALSE
	EndGlobalSection
	GlobalSection(ExtensibilityGlobals) = postSolution
		SolutionGuid = {52E642C8-100C-4A61-B913-DAA450312AFF}
	EndGlobalSection
EndGlobal
